
Microsoft Visual Studio Solution File, Format Version 12.00
# Visual Studio Version 17
VisualStudioVersion = 17.9.34728.123
MinimumVisualStudioVersion = 10.0.40219.1
Project("{9A19103F-16F7-4668-BE54-9A1E7A4F7556}") = "Task1", "Task1\Task1.csproj", "{25D998A9-3FBF-49C9-97A0-3D51E6EDA179}"
EndProject
Project("{9A19103F-16F7-4668-BE54-9A1E7A4F7556}") = "Task2", "Task2\Task2.csproj", "{6744A878-1D8C-444C-AD2D-9131AC42FD9A}"
EndProject
Project("{9A19103F-16F7-4668-BE54-9A1E7A4F7556}") = "Task3", "Task3\Task3.csproj", "{0DD952BF-13DB-4A6F-A544-162B5E4F0145}"
EndProject
Project("{9A19103F-16F7-4668-BE54-9A1E7A4F7556}") = "Task4", "Task4\Task4.csproj", "{DEA03F0E-34C3-4C99-8CC8-9BF8442F9C0F}"
EndProject
Project("{9A19103F-16F7-4668-BE54-9A1E7A4F7556}") = "Task5", "Task5\Task5.csproj", "{1700F150-300D-4230-B177-02C3FC4B9AB0}"
EndProject
Project("{9A19103F-16F7-4668-BE54-9A1E7A4F7556}") = "Task6", "Task6\Task6.csproj", "{C04F55C7-402B-4B2A-A26F-F5EAE07B663E}"
EndProject
Project("{9A19103F-16F7-4668-BE54-9A1E7A4F7556}") = "Task9", "Task9\Task9.csproj", "{E98C9115-8F2F-45AB-9FA9-032BF91D408F}"
EndProject
Project("{9A19103F-16F7-4668-BE54-9A1E7A4F7556}") = "Task13", "Task13\Task13.csproj", "{1EC0D504-5D1E-4CDC-A368-431E79556C1E}"
EndProject
Project("{9A19103F-16F7-4668-BE54-9A1E7A4F7556}") = "Task12", "Task12\Task12.csproj", "{BA180821-FDD8-4E4E-9459-D773EBC5C764}"
EndProject
Project("{9A19103F-16F7-4668-BE54-9A1E7A4F7556}") = "Task7", "Task7\Task7.csproj", "{CFBA9503-D785-4E0E-9383-BF4EB7D3BF7E}"
EndProject
Project("{9A19103F-16F7-4668-BE54-9A1E7A4F7556}") = "Task88", "Task88\Task88.csproj", "{7481FB35-D3D3-4FE5-AC1B-00E2EB952341}"
EndProject
Project("{9A19103F-16F7-4668-BE54-9A1E7A4F7556}") = "Task27", "Task27\Task27.csproj", "{3A71B02E-756A-478B-8CC2-EE6DA550A48E}"
EndProject
Project("{9A19103F-16F7-4668-BE54-9A1E7A4F7556}") = "Task58", "Task58\Task58.csproj", "{E8F880D2-2CB1-46D6-AB17-1FD37722919B}"
EndProject
Project("{9A19103F-16F7-4668-BE54-9A1E7A4F7556}") = "Task14", "Task14\Task14.csproj", "{EB73EB61-9621-4CBC-AD98-AF1BA24799D2}"
EndProject
Project("{9A19103F-16F7-4668-BE54-9A1E7A4F7556}") = "Task125", "Task125\Task125.csproj", "{6D52D902-1396-4DDA-9D54-70F18B4EF4CF}"
EndProject
Project("{9A19103F-16F7-4668-BE54-9A1E7A4F7556}") = "Task392", "Task392\Task392.csproj", "{00B49BB4-4165-4671-BB8D-A602BCADC1CE}"
EndProject
Project("{9A19103F-16F7-4668-BE54-9A1E7A4F7556}") = "Task66", "Task66\Task66.csproj", "{736E11E3-C353-4CFC-9398-F86C58C188D7}"
EndProject
Project("{FAE04EC0-301F-11D3-BF4B-00C04F79EFBC}") = "Task169", "Task169\Task169.csproj", "{54F63C66-8BC5-46CB-896B-FB218D58E408}"
EndProject
Project("{FAE04EC0-301F-11D3-BF4B-00C04F79EFBC}") = "Task121", "Task121\Task121.csproj", "{FC2BB387-3BEA-41D2-9A32-A0E72599C760}"
EndProject
Project("{FAE04EC0-301F-11D3-BF4B-00C04F79EFBC}") = "Task28", "Task28\Task28.csproj", "{16919B46-9FD2-4A15-A825-9A6EA1EAC414}"
EndProject
Global
	GlobalSection(SolutionConfigurationPlatforms) = preSolution
		Debug|Any CPU = Debug|Any CPU
		Release|Any CPU = Release|Any CPU
	EndGlobalSection
	GlobalSection(ProjectConfigurationPlatforms) = postSolution
		{25D998A9-3FBF-49C9-97A0-3D51E6EDA179}.Debug|Any CPU.ActiveCfg = Debug|Any CPU
		{25D998A9-3FBF-49C9-97A0-3D51E6EDA179}.Debug|Any CPU.Build.0 = Debug|Any CPU
		{25D998A9-3FBF-49C9-97A0-3D51E6EDA179}.Release|Any CPU.ActiveCfg = Release|Any CPU
		{25D998A9-3FBF-49C9-97A0-3D51E6EDA179}.Release|Any CPU.Build.0 = Release|Any CPU
		{6744A878-1D8C-444C-AD2D-9131AC42FD9A}.Debug|Any CPU.ActiveCfg = Debug|Any CPU
		{6744A878-1D8C-444C-AD2D-9131AC42FD9A}.Debug|Any CPU.Build.0 = Debug|Any CPU
		{6744A878-1D8C-444C-AD2D-9131AC42FD9A}.Release|Any CPU.ActiveCfg = Release|Any CPU
		{6744A878-1D8C-444C-AD2D-9131AC42FD9A}.Release|Any CPU.Build.0 = Release|Any CPU
		{0DD952BF-13DB-4A6F-A544-162B5E4F0145}.Debug|Any CPU.ActiveCfg = Debug|Any CPU
		{0DD952BF-13DB-4A6F-A544-162B5E4F0145}.Debug|Any CPU.Build.0 = Debug|Any CPU
		{0DD952BF-13DB-4A6F-A544-162B5E4F0145}.Release|Any CPU.ActiveCfg = Release|Any CPU
		{0DD952BF-13DB-4A6F-A544-162B5E4F0145}.Release|Any CPU.Build.0 = Release|Any CPU
		{DEA03F0E-34C3-4C99-8CC8-9BF8442F9C0F}.Debug|Any CPU.ActiveCfg = Debug|Any CPU
		{DEA03F0E-34C3-4C99-8CC8-9BF8442F9C0F}.Debug|Any CPU.Build.0 = Debug|Any CPU
		{DEA03F0E-34C3-4C99-8CC8-9BF8442F9C0F}.Release|Any CPU.ActiveCfg = Release|Any CPU
		{DEA03F0E-34C3-4C99-8CC8-9BF8442F9C0F}.Release|Any CPU.Build.0 = Release|Any CPU
		{1700F150-300D-4230-B177-02C3FC4B9AB0}.Debug|Any CPU.ActiveCfg = Debug|Any CPU
		{1700F150-300D-4230-B177-02C3FC4B9AB0}.Debug|Any CPU.Build.0 = Debug|Any CPU
		{1700F150-300D-4230-B177-02C3FC4B9AB0}.Release|Any CPU.ActiveCfg = Release|Any CPU
		{1700F150-300D-4230-B177-02C3FC4B9AB0}.Release|Any CPU.Build.0 = Release|Any CPU
		{C04F55C7-402B-4B2A-A26F-F5EAE07B663E}.Debug|Any CPU.ActiveCfg = Debug|Any CPU
		{C04F55C7-402B-4B2A-A26F-F5EAE07B663E}.Debug|Any CPU.Build.0 = Debug|Any CPU
		{C04F55C7-402B-4B2A-A26F-F5EAE07B663E}.Release|Any CPU.ActiveCfg = Release|Any CPU
		{C04F55C7-402B-4B2A-A26F-F5EAE07B663E}.Release|Any CPU.Build.0 = Release|Any CPU
		{E98C9115-8F2F-45AB-9FA9-032BF91D408F}.Debug|Any CPU.ActiveCfg = Debug|Any CPU
		{E98C9115-8F2F-45AB-9FA9-032BF91D408F}.Debug|Any CPU.Build.0 = Debug|Any CPU
		{E98C9115-8F2F-45AB-9FA9-032BF91D408F}.Release|Any CPU.ActiveCfg = Release|Any CPU
		{E98C9115-8F2F-45AB-9FA9-032BF91D408F}.Release|Any CPU.Build.0 = Release|Any CPU
		{1EC0D504-5D1E-4CDC-A368-431E79556C1E}.Debug|Any CPU.ActiveCfg = Debug|Any CPU
		{1EC0D504-5D1E-4CDC-A368-431E79556C1E}.Debug|Any CPU.Build.0 = Debug|Any CPU
		{1EC0D504-5D1E-4CDC-A368-431E79556C1E}.Release|Any CPU.ActiveCfg = Release|Any CPU
		{1EC0D504-5D1E-4CDC-A368-431E79556C1E}.Release|Any CPU.Build.0 = Release|Any CPU
		{BA180821-FDD8-4E4E-9459-D773EBC5C764}.Debug|Any CPU.ActiveCfg = Debug|Any CPU
		{BA180821-FDD8-4E4E-9459-D773EBC5C764}.Debug|Any CPU.Build.0 = Debug|Any CPU
		{BA180821-FDD8-4E4E-9459-D773EBC5C764}.Release|Any CPU.ActiveCfg = Release|Any CPU
		{BA180821-FDD8-4E4E-9459-D773EBC5C764}.Release|Any CPU.Build.0 = Release|Any CPU
		{CFBA9503-D785-4E0E-9383-BF4EB7D3BF7E}.Debug|Any CPU.ActiveCfg = Debug|Any CPU
		{CFBA9503-D785-4E0E-9383-BF4EB7D3BF7E}.Debug|Any CPU.Build.0 = Debug|Any CPU
		{CFBA9503-D785-4E0E-9383-BF4EB7D3BF7E}.Release|Any CPU.ActiveCfg = Release|Any CPU
		{CFBA9503-D785-4E0E-9383-BF4EB7D3BF7E}.Release|Any CPU.Build.0 = Release|Any CPU
		{7481FB35-D3D3-4FE5-AC1B-00E2EB952341}.Debug|Any CPU.ActiveCfg = Debug|Any CPU
		{7481FB35-D3D3-4FE5-AC1B-00E2EB952341}.Debug|Any CPU.Build.0 = Debug|Any CPU
		{7481FB35-D3D3-4FE5-AC1B-00E2EB952341}.Release|Any CPU.ActiveCfg = Release|Any CPU
		{7481FB35-D3D3-4FE5-AC1B-00E2EB952341}.Release|Any CPU.Build.0 = Release|Any CPU
		{3A71B02E-756A-478B-8CC2-EE6DA550A48E}.Debug|Any CPU.ActiveCfg = Debug|Any CPU
		{3A71B02E-756A-478B-8CC2-EE6DA550A48E}.Debug|Any CPU.Build.0 = Debug|Any CPU
		{3A71B02E-756A-478B-8CC2-EE6DA550A48E}.Release|Any CPU.ActiveCfg = Release|Any CPU
		{3A71B02E-756A-478B-8CC2-EE6DA550A48E}.Release|Any CPU.Build.0 = Release|Any CPU
		{E8F880D2-2CB1-46D6-AB17-1FD37722919B}.Debug|Any CPU.ActiveCfg = Debug|Any CPU
		{E8F880D2-2CB1-46D6-AB17-1FD37722919B}.Debug|Any CPU.Build.0 = Debug|Any CPU
		{E8F880D2-2CB1-46D6-AB17-1FD37722919B}.Release|Any CPU.ActiveCfg = Release|Any CPU
		{E8F880D2-2CB1-46D6-AB17-1FD37722919B}.Release|Any CPU.Build.0 = Release|Any CPU
		{EB73EB61-9621-4CBC-AD98-AF1BA24799D2}.Debug|Any CPU.ActiveCfg = Debug|Any CPU
		{EB73EB61-9621-4CBC-AD98-AF1BA24799D2}.Debug|Any CPU.Build.0 = Debug|Any CPU
		{EB73EB61-9621-4CBC-AD98-AF1BA24799D2}.Release|Any CPU.ActiveCfg = Release|Any CPU
		{EB73EB61-9621-4CBC-AD98-AF1BA24799D2}.Release|Any CPU.Build.0 = Release|Any CPU
		{6D52D902-1396-4DDA-9D54-70F18B4EF4CF}.Debug|Any CPU.ActiveCfg = Debug|Any CPU
		{6D52D902-1396-4DDA-9D54-70F18B4EF4CF}.Debug|Any CPU.Build.0 = Debug|Any CPU
		{6D52D902-1396-4DDA-9D54-70F18B4EF4CF}.Release|Any CPU.ActiveCfg = Release|Any CPU
		{6D52D902-1396-4DDA-9D54-70F18B4EF4CF}.Release|Any CPU.Build.0 = Release|Any CPU
		{00B49BB4-4165-4671-BB8D-A602BCADC1CE}.Debug|Any CPU.ActiveCfg = Debug|Any CPU
		{00B49BB4-4165-4671-BB8D-A602BCADC1CE}.Debug|Any CPU.Build.0 = Debug|Any CPU
		{00B49BB4-4165-4671-BB8D-A602BCADC1CE}.Release|Any CPU.ActiveCfg = Release|Any CPU
		{00B49BB4-4165-4671-BB8D-A602BCADC1CE}.Release|Any CPU.Build.0 = Release|Any CPU
		{736E11E3-C353-4CFC-9398-F86C58C188D7}.Debug|Any CPU.ActiveCfg = Debug|Any CPU
		{736E11E3-C353-4CFC-9398-F86C58C188D7}.Debug|Any CPU.Build.0 = Debug|Any CPU
		{736E11E3-C353-4CFC-9398-F86C58C188D7}.Release|Any CPU.ActiveCfg = Release|Any CPU
		{736E11E3-C353-4CFC-9398-F86C58C188D7}.Release|Any CPU.Build.0 = Release|Any CPU
		{54F63C66-8BC5-46CB-896B-FB218D58E408}.Debug|Any CPU.ActiveCfg = Debug|Any CPU
		{54F63C66-8BC5-46CB-896B-FB218D58E408}.Debug|Any CPU.Build.0 = Debug|Any CPU
		{54F63C66-8BC5-46CB-896B-FB218D58E408}.Release|Any CPU.ActiveCfg = Release|Any CPU
		{54F63C66-8BC5-46CB-896B-FB218D58E408}.Release|Any CPU.Build.0 = Release|Any CPU
		{FC2BB387-3BEA-41D2-9A32-A0E72599C760}.Debug|Any CPU.ActiveCfg = Debug|Any CPU
		{FC2BB387-3BEA-41D2-9A32-A0E72599C760}.Debug|Any CPU.Build.0 = Debug|Any CPU
		{FC2BB387-3BEA-41D2-9A32-A0E72599C760}.Release|Any CPU.ActiveCfg = Release|Any CPU
		{FC2BB387-3BEA-41D2-9A32-A0E72599C760}.Release|Any CPU.Build.0 = Release|Any CPU
		{16919B46-9FD2-4A15-A825-9A6EA1EAC414}.Debug|Any CPU.ActiveCfg = Debug|Any CPU
		{16919B46-9FD2-4A15-A825-9A6EA1EAC414}.Debug|Any CPU.Build.0 = Debug|Any CPU
		{16919B46-9FD2-4A15-A825-9A6EA1EAC414}.Release|Any CPU.ActiveCfg = Release|Any CPU
		{16919B46-9FD2-4A15-A825-9A6EA1EAC414}.Release|Any CPU.Build.0 = Release|Any CPU
	EndGlobalSection
	GlobalSection(SolutionProperties) = preSolution
		HideSolutionNode = FALSE
	EndGlobalSection
	GlobalSection(ExtensibilityGlobals) = postSolution
		SolutionGuid = {FB818552-C8FC-4B42-8D0F-A6323C2F1472}
	EndGlobalSection
EndGlobal
